// !$*UTF8*$!
{
	archiveVersion = 1;
	classes = {
	};
	objectVersion = 46;
	objects = {

/* Begin PBXBuildFile section */
		055DB7181CAD4E52007659D9 /* main.m in Sources */ = {isa = PBXBuildFile; fileRef = 055DB7171CAD4E52007659D9 /* main.m */; };
		055DB71B1CAD4E52007659D9 /* AppDelegate.m in Sources */ = {isa = PBXBuildFile; fileRef = 055DB71A1CAD4E52007659D9 /* AppDelegate.m */; };
		055DB71E1CAD4E52007659D9 /* ViewController.m in Sources */ = {isa = PBXBuildFile; fileRef = 055DB71D1CAD4E52007659D9 /* ViewController.m */; };
		055DB7211CAD4E52007659D9 /* Main.storyboard in Resources */ = {isa = PBXBuildFile; fileRef = 055DB71F1CAD4E52007659D9 /* Main.storyboard */; };
		055DB7231CAD4E52007659D9 /* Assets.xcassets in Resources */ = {isa = PBXBuildFile; fileRef = 055DB7221CAD4E52007659D9 /* Assets.xcassets */; };
		055DB7261CAD4E52007659D9 /* LaunchScreen.storyboard in Resources */ = {isa = PBXBuildFile; fileRef = 055DB7241CAD4E52007659D9 /* LaunchScreen.storyboard */; };
		055DB7311CAD4E52007659D9 /* CrzayDragTests.m in Sources */ = {isa = PBXBuildFile; fileRef = 055DB7301CAD4E52007659D9 /* CrzayDragTests.m */; };
		055DB73C1CAD4E52007659D9 /* CrzayDragUITests.m in Sources */ = {isa = PBXBuildFile; fileRef = 055DB73B1CAD4E52007659D9 /* CrzayDragUITests.m */; };
/* End PBXBuildFile section */

/* Begin PBXContainerItemProxy section */
		055DB72D1CAD4E52007659D9 /* PBXContainerItemProxy */ = {
			isa = PBXContainerItemProxy;
			containerPortal = 055DB70B1CAD4E52007659D9 /* Project object */;
			proxyType = 1;
			remoteGlobalIDString = 055DB7121CAD4E52007659D9;
			remoteInfo = CrzayDrag;
		};
		055DB7381CAD4E52007659D9 /* PBXContainerItemProxy */ = {
			isa = PBXContainerItemProxy;
			containerPortal = 055DB70B1CAD4E52007659D9 /* Project object */;
			proxyType = 1;
			remoteGlobalIDString = 055DB7121CAD4E52007659D9;
			remoteInfo = CrzayDrag;
		};
/* End PBXContainerItemProxy section */

/* Begin PBXFileReference section */
		055DB7131CAD4E52007659D9 /* CrzayDrag.app */ = {isa = PBXFileReference; explicitFileType = wrapper.application; includeInIndex = 0; path = CrzayDrag.app; sourceTree = BUILT_PRODUCTS_DIR; };
		055DB7171CAD4E52007659D9 /* main.m */ = {isa = PBXFileReference; lastKnownFileType = sourcecode.c.objc; path = main.m; sourceTree = "<group>"; };
		055DB7191CAD4E52007659D9 /* AppDelegate.h */ = {isa = PBXFileReference; lastKnownFileType = sourcecode.c.h; path = AppDelegate.h; sourceTree = "<group>"; };
		055DB71A1CAD4E52007659D9 /* AppDelegate.m */ = {isa = PBXFileReference; lastKnownFileType = sourcecode.c.objc; path = AppDelegate.m; sourceTree = "<group>"; };
		055DB71C1CAD4E52007659D9 /* ViewController.h */ = {isa = PBXFileReference; lastKnownFileType = sourcecode.c.h; path = ViewController.h; sourceTree = "<group>"; };
		055DB71D1CAD4E52007659D9 /* ViewController.m */ = {isa = PBXFileReference; lastKnownFileType = sourcecode.c.objc; path = ViewController.m; sourceTree = "<group>"; };
		055DB7201CAD4E52007659D9 /* Base */ = {isa = PBXFileReference; lastKnownFileType = file.storyboard; name = Base; path = Base.lproj/Main.storyboard; sourceTree = "<group>"; };
		055DB7221CAD4E52007659D9 /* Assets.xcassets */ = {isa = PBXFileReference; lastKnownFileType = folder.assetcatalog; path = Assets.xcassets; sourceTree = "<group>"; };
		055DB7251CAD4E52007659D9 /* Base */ = {isa = PBXFileReference; lastKnownFileType = file.storyboard; name = Base; path = Base.lproj/LaunchScreen.storyboard; sourceTree = "<group>"; };
		055DB7271CAD4E52007659D9 /* Info.plist */ = {isa = PBXFileReference; lastKnownFileType = text.plist.xml; path = Info.plist; sourceTree = "<group>"; };
		055DB72C1CAD4E52007659D9 /* CrzayDragTests.xctest */ = {isa = PBXFileReference; explicitFileType = wrapper.cfbundle; includeInIndex = 0; path = CrzayDragTests.xctest; sourceTree = BUILT_PRODUCTS_DIR; };
		055DB7301CAD4E52007659D9 /* CrzayDragTests.m */ = {isa = PBXFileReference; lastKnownFileType = sourcecode.c.objc; path = CrzayDragTests.m; sourceTree = "<group>"; };
		055DB7321CAD4E52007659D9 /* Info.plist */ = {isa = PBXFileReference; lastKnownFileType = text.plist.xml; path = Info.plist; sourceTree = "<group>"; };
		055DB7371CAD4E52007659D9 /* CrzayDragUITests.xctest */ = {isa = PBXFileReference; explicitFileType = wrapper.cfbundle; includeInIndex = 0; path = CrzayDragUITests.xctest; sourceTree = BUILT_PRODUCTS_DIR; };
		055DB73B1CAD4E52007659D9 /* CrzayDragUITests.m */ = {isa = PBXFileReference; lastKnownFileType = sourcecode.c.objc; path = CrzayDragUITests.m; sourceTree = "<group>"; };
		055DB73D1CAD4E52007659D9 /* Info.plist */ = {isa = PBXFileReference; lastKnownFileType = text.plist.xml; path = Info.plist; sourceTree = "<group>"; };
/* End PBXFileReference section */

/* Begin PBXFrameworksBuildPhase section */
		055DB7101CAD4E52007659D9 /* Frameworks */ = {
			isa = PBXFrameworksBuildPhase;
			buildActionMask = 2147483647;
			files = (
			);
			runOnlyForDeploymentPostprocessing = 0;
		};
		055DB7291CAD4E52007659D9 /* Frameworks */ = {
			isa = PBXFrameworksBuildPhase;
			buildActionMask = 2147483647;
			files = (
			);
			runOnlyForDeploymentPostprocessing = 0;
		};
		055DB7341CAD4E52007659D9 /* Frameworks */ = {
			isa = PBXFrameworksBuildPhase;
			buildActionMask = 2147483647;
			files = (
			);
			runOnlyForDeploymentPostprocessing = 0;
		};
/* End PBXFrameworksBuildPhase section */

/* Begin PBXGroup section */
		055DB70A1CAD4E52007659D9 = {
			isa = PBXGroup;
			children = (
				055DB7151CAD4E52007659D9 /* CrzayDrag */,
				055DB72F1CAD4E52007659D9 /* CrzayDragTests */,
				055DB73A1CAD4E52007659D9 /* CrzayDragUITests */,
				055DB7141CAD4E52007659D9 /* Products */,
			);
			sourceTree = "<group>";
		};
		055DB7141CAD4E52007659D9 /* Products */ = {
			isa = PBXGroup;
			children = (
				055DB7131CAD4E52007659D9 /* CrzayDrag.app */,
				055DB72C1CAD4E52007659D9 /* CrzayDragTests.xctest */,
				055DB7371CAD4E52007659D9 /* CrzayDragUITests.xctest */,
			);
			name = Products;
			sourceTree = "<group>";
		};
		055DB7151CAD4E52007659D9 /* CrzayDrag */ = {
			isa = PBXGroup;
			children = (
				055DB7191CAD4E52007659D9 /* AppDelegate.h */,
				055DB71A1CAD4E52007659D9 /* AppDelegate.m */,
				055DB71C1CAD4E52007659D9 /* ViewController.h */,
				055DB71D1CAD4E52007659D9 /* ViewController.m */,
				055DB71F1CAD4E52007659D9 /* Main.storyboard */,
				055DB7221CAD4E52007659D9 /* Assets.xcassets */,
				055DB7241CAD4E52007659D9 /* LaunchScreen.storyboard */,
				055DB7271CAD4E52007659D9 /* Info.plist */,
				055DB7161CAD4E52007659D9 /* Supporting Files */,
			);
			path = CrzayDrag;
			sourceTree = "<group>";
		};
		055DB7161CAD4E52007659D9 /* Supporting Files */ = {
			isa = PBXGroup;
			children = (
				055DB7171CAD4E52007659D9 /* main.m */,
			);
			name = "Supporting Files";
			sourceTree = "<group>";
		};
		055DB72F1CAD4E52007659D9 /* CrzayDragTests */ = {
			isa = PBXGroup;
			children = (
				055DB7301CAD4E52007659D9 /* CrzayDragTests.m */,
				055DB7321CAD4E52007659D9 /* Info.plist */,
			);
			path = CrzayDragTests;
			sourceTree = "<group>";
		};
		055DB73A1CAD4E52007659D9 /* CrzayDragUITests */ = {
			isa = PBXGroup;
			children = (
				055DB73B1CAD4E52007659D9 /* CrzayDragUITests.m */,
				055DB73D1CAD4E52007659D9 /* Info.plist */,
			);
			path = CrzayDragUITests;
			sourceTree = "<group>";
		};
/* End PBXGroup section */

/* Begin PBXNativeTarget section */
		055DB7121CAD4E52007659D9 /* CrzayDrag */ = {
			isa = PBXNativeTarget;
			buildConfigurationList = 055DB7401CAD4E52007659D9 /* Build configuration list for PBXNativeTarget "CrzayDrag" */;
			buildPhases = (
				055DB70F1CAD4E52007659D9 /* Sources */,
				055DB7101CAD4E52007659D9 /* Frameworks */,
				055DB7111CAD4E52007659D9 /* Resources */,
			);
			buildRules = (
			);
			dependencies = (
			);
			name = CrzayDrag;
			productName = CrzayDrag;
			productReference = 055DB7131CAD4E52007659D9 /* CrzayDrag.app */;
			productType = "com.apple.product-type.application";
		};
		055DB72B1CAD4E52007659D9 /* CrzayDragTests */ = {
			isa = PBXNativeTarget;
			buildConfigurationList = 055DB7431CAD4E52007659D9 /* Build configuration list for PBXNativeTarget "CrzayDragTests" */;
			buildPhases = (
				055DB7281CAD4E52007659D9 /* Sources */,
				055DB7291CAD4E52007659D9 /* Frameworks */,
				055DB72A1CAD4E52007659D9 /* Resources */,
			);
			buildRules = (
			);
			dependencies = (
				055DB72E1CAD4E52007659D9 /* PBXTargetDependency */,
			);
			name = CrzayDragTests;
			productName = CrzayDragTests;
			productReference = 055DB72C1CAD4E52007659D9 /* CrzayDragTests.xctest */;
			productType = "com.apple.product-type.bundle.unit-test";
		};
		055DB7361CAD4E52007659D9 /* CrzayDragUITests */ = {
			isa = PBXNativeTarget;
			buildConfigurationList = 055DB7461CAD4E52007659D9 /* Build configuration list for PBXNativeTarget "CrzayDragUITests" */;
			buildPhases = (
				055DB7331CAD4E52007659D9 /* Sources */,
				055DB7341CAD4E52007659D9 /* Frameworks */,
				055DB7351CAD4E52007659D9 /* Resources */,
			);
			buildRules = (
			);
			dependencies = (
				055DB7391CAD4E52007659D9 /* PBXTargetDependency */,
			);
			name = CrzayDragUITests;
			productName = CrzayDragUITests;
			productReference = 055DB7371CAD4E52007659D9 /* CrzayDragUITests.xctest */;
			productType = "com.apple.product-type.bundle.ui-testing";
		};
/* End PBXNativeTarget section */

/* Begin PBXProject section */
		055DB70B1CAD4E52007659D9 /* Project object */ = {
			isa = PBXProject;
			attributes = {
				LastUpgradeCheck = 0730;
				ORGANIZATIONNAME = "Dean Chen";
				TargetAttributes = {
					055DB7121CAD4E52007659D9 = {
						CreatedOnToolsVersion = 7.3;
					};
					055DB72B1CAD4E52007659D9 = {
						CreatedOnToolsVersion = 7.3;
						TestTargetID = 055DB7121CAD4E52007659D9;
					};
					055DB7361CAD4E52007659D9 = {
						CreatedOnToolsVersion = 7.3;
						TestTargetID = 055DB7121CAD4E52007659D9;
					};
				};
			};
			buildConfigurationList = 055DB70E1CAD4E52007659D9 /* Build configuration list for PBXProject "CrzayDrag" */;
			compatibilityVersion = "Xcode 3.2";
			developmentRegion = English;
			hasScannedForEncodings = 0;
			knownRegions = (
				en,
				Base,
			);
			mainGroup = 055DB70A1CAD4E52007659D9;
			productRefGroup = 055DB7141CAD4E52007659D9 /* Products */;
			projectDirPath = "";
			projectRoot = "";
			targets = (
				055DB7121CAD4E52007659D9 /* CrzayDrag */,
				055DB72B1CAD4E52007659D9 /* CrzayDragTests */,
				055DB7361CAD4E52007659D9 /* CrzayDragUITests */,
			);
		};
/* End PBXProject section */

/* Begin PBXResourcesBuildPhase section */
		055DB7111CAD4E52007659D9 /* Resources */ = {
			isa = PBXResourcesBuildPhase;
			buildActionMask = 2147483647;
			files = (
				055DB7261CAD4E52007659D9 /* LaunchScreen.storyboard in Resources */,
				055DB7231CAD4E52007659D9 /* Assets.xcassets in Resources */,
				055DB7211CAD4E52007659D9 /* Main.storyboard in Resources */,
			);
			runOnlyForDeploymentPostprocessing = 0;
		};
		055DB72A1CAD4E52007659D9 /* Resources */ = {
			isa = PBXResourcesBuildPhase;
			buildActionMask = 2147483647;
			files = (
			);
			runOnlyForDeploymentPostprocessing = 0;
		};
		055DB7351CAD4E52007659D9 /* Resources */ = {
			isa = PBXResourcesBuildPhase;
			buildActionMask = 2147483647;
			files = (
			);
			runOnlyForDeploymentPostprocessing = 0;
		};
/* End PBXResourcesBuildPhase section */

/* Begin PBXSourcesBuildPhase section */
		055DB70F1CAD4E52007659D9 /* Sources */ = {
			isa = PBXSourcesBuildPhase;
			buildActionMask = 2147483647;
			files = (
				055DB71E1CAD4E52007659D9 /* ViewController.m in Sources */,
				055DB71B1CAD4E52007659D9 /* AppDelegate.m in Sources */,
				055DB7181CAD4E52007659D9 /* main.m in Sources */,
			);
			runOnlyForDeploymentPostprocessing = 0;
		};
		055DB7281CAD4E52007659D9 /* Sources */ = {
			isa = PBXSourcesBuildPhase;
			buildActionMask = 2147483647;
			files = (
				055DB7311CAD4E52007659D9 /* CrzayDragTests.m in Sources */,
			);
			runOnlyForDeploymentPostprocessing = 0;
		};
		055DB7331CAD4E52007659D9 /* Sources */ = {
			isa = PBXSourcesBuildPhase;
			buildActionMask = 2147483647;
			files = (
				055DB73C1CAD4E52007659D9 /* CrzayDragUITests.m in Sources */,
			);
			runOnlyForDeploymentPostprocessing = 0;
		};
/* End PBXSourcesBuildPhase section */

/* Begin PBXTargetDependency section */
		055DB72E1CAD4E52007659D9 /* PBXTargetDependency */ = {
			isa = PBXTargetDependency;
			target = 055DB7121CAD4E52007659D9 /* CrzayDrag */;
			targetProxy = 055DB72D1CAD4E52007659D9 /* PBXContainerItemProxy */;
		};
		055DB7391CAD4E52007659D9 /* PBXTargetDependency */ = {
			isa = PBXTargetDependency;
			target = 055DB7121CAD4E52007659D9 /* CrzayDrag */;
			targetProxy = 055DB7381CAD4E52007659D9 /* PBXContainerItemProxy */;
		};
/* End PBXTargetDependency section */

/* Begin PBXVariantGroup section */
		055DB71F1CAD4E52007659D9 /* Main.storyboard */ = {
			isa = PBXVariantGroup;
			children = (
				055DB7201CAD4E52007659D9 /* Base */,
			);
			name = Main.storyboard;
			sourceTree = "<group>";
		};
		055DB7241CAD4E52007659D9 /* LaunchScreen.storyboard */ = {
			isa = PBXVariantGroup;
			children = (
				055DB7251CAD4E52007659D9 /* Base */,
			);
			name = LaunchScreen.storyboard;
			sourceTree = "<group>";
		};
/* End PBXVariantGroup section */

/* Begin XCBuildConfiguration section */
		055DB73E1CAD4E52007659D9 /* Debug */ = {
			isa = XCBuildConfiguration;
			buildSettings = {
				ALWAYS_SEARCH_USER_PATHS = NO;
				CLANG_ANALYZER_NONNULL = YES;
				CLANG_CXX_LANGUAGE_STANDARD = "gnu++0x";
				CLANG_CXX_LIBRARY = "libc++";
				CLANG_ENABLE_MODULES = YES;
				CLANG_ENABLE_OBJC_ARC = YES;
				CLANG_WARN_BOOL_CONVERSION = YES;
				CLANG_WARN_CONSTANT_CONVERSION = YES;
				CLANG_WARN_DIRECT_OBJC_ISA_USAGE = YES_ERROR;
				CLANG_WARN_EMPTY_BODY = YES;
				CLANG_WARN_ENUM_CONVERSION = YES;
				CLANG_WARN_INT_CONVERSION = YES;
				CLANG_WARN_OBJC_ROOT_CLASS = YES_ERROR;
				CLANG_WARN_UNREACHABLE_CODE = YES;
				CLANG_WARN__DUPLICATE_METHOD_MATCH = YES;
				"CODE_SIGN_IDENTITY[sdk=iphoneos*]" = "iPhone Developer";
				COPY_PHASE_STRIP = NO;
				DEBUG_INFORMATION_FORMAT = dwarf;
				ENABLE_STRICT_OBJC_MSGSEND = YES;
				ENABLE_TESTABILITY = YES;
				GCC_C_LANGUAGE_STANDARD = gnu99;
				GCC_DYNAMIC_NO_PIC = NO;
				GCC_NO_COMMON_BLOCKS = YES;
				GCC_OPTIMIZATION_LEVEL = 0;
				GCC_PREPROCESSOR_DEFINITIONS = (
					"DEBUG=1",
					"$(inherited)",
				);
				GCC_WARN_64_TO_32_BIT_CONVERSION = YES;
				GCC_WARN_ABOUT_RETURN_TYPE = YES_ERROR;
				GCC_WARN_UNDECLARED_SELECTOR = YES;
				GCC_WARN_UNINITIALIZED_AUTOS = YES_AGGRESSIVE;
				GCC_WARN_UNUSED_FUNCTION = YES;
				GCC_WARN_UNUSED_VARIABLE = YES;
				IPHONEOS_DEPLOYMENT_TARGET = 9.3;
				MTL_ENABLE_DEBUG_INFO = YES;
				ONLY_ACTIVE_ARCH = YES;
				SDKROOT = iphoneos;
			};
			name = Debug;
		};
		055DB73F1CAD4E52007659D9 /* Release */ = {
			isa = XCBuildConfiguration;
			buildSettings = {
				ALWAYS_SEARCH_USER_PATHS = NO;
				CLANG_ANALYZER_NONNULL = YES;
				CLANG_CXX_LANGUAGE_STANDARD = "gnu++0x";
				CLANG_CXX_LIBRARY = "libc++";
				CLANG_ENABLE_MODULES = YES;
				CLANG_ENABLE_OBJC_ARC = YES;
				CLANG_WARN_BOOL_CONVERSION = YES;
				CLANG_WARN_CONSTANT_CONVERSION = YES;
				CLANG_WARN_DIRECT_OBJC_ISA_USAGE = YES_ERROR;
				CLANG_WARN_EMPTY_BODY = YES;
				CLANG_WARN_ENUM_CONVERSION = YES;
				CLANG_WARN_INT_CONVERSION = YES;
				CLANG_WARN_OBJC_ROOT_CLASS = YES_ERROR;
				CLANG_WARN_UNREACHABLE_CODE = YES;
				CLANG_WARN__DUPLICATE_METHOD_MATCH = YES;
				"CODE_SIGN_IDENTITY[sdk=iphoneos*]" = "iPhone Developer";
				COPY_PHASE_STRIP = NO;
				DEBUG_INFORMATION_FORMAT = "dwarf-with-dsym";
				ENABLE_NS_ASSERTIONS = NO;
				ENABLE_STRICT_OBJC_MSGSEND = YES;
				GCC_C_LANGUAGE_STANDARD = gnu99;
				GCC_NO_COMMON_BLOCKS = YES;
				GCC_WARN_64_TO_32_BIT_CONVERSION = YES;
				GCC_WARN_ABOUT_RETURN_TYPE = YES_ERROR;
				GCC_WARN_UNDECLARED_SELECTOR = YES;
				GCC_WARN_UNINITIALIZED_AUTOS = YES_AGGRESSIVE;
				GCC_WARN_UNUSED_FUNCTION = YES;
				GCC_WARN_UNUSED_VARIABLE = YES;
				IPHONEOS_DEPLOYMENT_TARGET = 9.3;
				MTL_ENABLE_DEBUG_INFO = NO;
				SDKROOT = iphoneos;
				VALIDATE_PRODUCT = YES;
			};
			name = Release;
		};
		055DB7411CAD4E52007659D9 /* Debug */ = {
			isa = XCBuildConfiguration;
			buildSettings = {
				ASSETCATALOG_COMPILER_APPICON_NAME = AppIcon;
				INFOPLIST_FILE = CrzayDrag/Info.plist;
				LD_RUNPATH_SEARCH_PATHS = "$(inherited) @executable_path/Frameworks";
				PRODUCT_BUNDLE_IDENTIFIER = com.dean.CrzayDrag;
				PRODUCT_NAME = "$(TARGET_NAME)";
			};
			name = Debug;
		};
		055DB7421CAD4E52007659D9 /* Release */ = {
			isa = XCBuildConfiguration;
			buildSettings = {
				ASSETCATALOG_COMPILER_APPICON_NAME = AppIcon;
				INFOPLIST_FILE = CrzayDrag/Info.plist;
				LD_RUNPATH_SEARCH_PATHS = "$(inherited) @executable_path/Frameworks";
				PRODUCT_BUNDLE_IDENTIFIER = com.dean.CrzayDrag;
				PRODUCT_NAME = "$(TARGET_NAME)";
			};
			name = Release;
		};
		055DB7441CAD4E52007659D9 /* Debug */ = {
			isa = XCBuildConfiguration;
			buildSettings = {
				BUNDLE_LOADER = "$(TEST_HOST)";
				INFOPLIST_FILE = CrzayDragTests/Info.plist;
				LD_RUNPATH_SEARCH_PATHS = "$(inherited) @executable_path/Frameworks @loader_path/Frameworks";
				PRODUCT_BUNDLE_IDENTIFIER = com.dean.CrzayDragTests;
				PRODUCT_NAME = "$(TARGET_NAME)";
				TEST_HOST = "$(BUILT_PRODUCTS_DIR)/CrzayDrag.app/CrzayDrag";
			};
			name = Debug;
		};
		055DB7451CAD4E52007659D9 /* Release */ = {
			isa = XCBuildConfiguration;
			buildSettings = {
				BUNDLE_LOADER = "$(TEST_HOST)";
				INFOPLIST_FILE = CrzayDragTests/Info.plist;
				LD_RUNPATH_SEARCH_PATHS = "$(inherited) @executable_path/Frameworks @loader_path/Frameworks";
				PRODUCT_BUNDLE_IDENTIFIER = com.dean.CrzayDragTests;
				PRODUCT_NAME = "$(TARGET_NAME)";
				TEST_HOST = "$(BUILT_PRODUCTS_DIR)/CrzayDrag.app/CrzayDrag";
			};
			name = Release;
		};
		055DB7471CAD4E52007659D9 /* Debug */ = {
			isa = XCBuildConfiguration;
			buildSettings = {
				INFOPLIST_FILE = CrzayDragUITests/Info.plist;
				LD_RUNPATH_SEARCH_PATHS = "$(inherited) @executable_path/Frameworks @loader_path/Frameworks";
				PRODUCT_BUNDLE_IDENTIFIER = com.dean.CrzayDragUITests;
				PRODUCT_NAME = "$(TARGET_NAME)";
				TEST_TARGET_NAME = CrzayDrag;
			};
			name = Debug;
		};
		055DB7481CAD4E52007659D9 /* Release */ = {
			isa = XCBuildConfiguration;
			buildSettings = {
				INFOPLIST_FILE = CrzayDragUITests/Info.plist;
				LD_RUNPATH_SEARCH_PATHS = "$(inherited) @executable_path/Frameworks @loader_path/Frameworks";
				PRODUCT_BUNDLE_IDENTIFIER = com.dean.CrzayDragUITests;
				PRODUCT_NAME = "$(TARGET_NAME)";
				TEST_TARGET_NAME = CrzayDrag;
			};
			name = Release;
		};
/* End XCBuildConfiguration section */

/* Begin XCConfigurationList section */
		055DB70E1CAD4E52007659D9 /* Build configuration list for PBXProject "CrzayDrag" */ = {
			isa = XCConfigurationList;
			buildConfigurations = (
				055DB73E1CAD4E52007659D9 /* Debug */,
				055DB73F1CAD4E52007659D9 /* Release */,
			);
			defaultConfigurationIsVisible = 0;
			defaultConfigurationName = Release;
		};
		055DB7401CAD4E52007659D9 /* Build configuration list for PBXNativeTarget "CrzayDrag" */ = {
			isa = XCConfigurationList;
			buildConfigurations = (
				055DB7411CAD4E52007659D9 /* Debug */,
				055DB7421CAD4E52007659D9 /* Release */,
			);
			defaultConfigurationIsVisible = 0;
		};
		055DB7431CAD4E52007659D9 /* Build configuration list for PBXNativeTarget "CrzayDragTests" */ = {
			isa = XCConfigurationList;
			buildConfigurations = (
				055DB7441CAD4E52007659D9 /* Debug */,
				055DB7451CAD4E52007659D9 /* Release */,
			);
			defaultConfigurationIsVisible = 0;
		};
		055DB7461CAD4E52007659D9 /* Build configuration list for PBXNativeTarget "CrzayDragUITests" */ = {
			isa = XCConfigurationList;
			buildConfigurations = (
				055DB7471CAD4E52007659D9 /* Debug */,
				055DB7481CAD4E52007659D9 /* Release */,
			);
			defaultConfigurationIsVisible = 0;
		};
/* End XCConfigurationList section */
	};
	rootObject = 055DB70B1CAD4E52007659D9 /* Project object */;
}
