// !$*UTF8*$!
{
	archiveVersion = 1;
	classes = {
	};
	objectVersion = 46;
	objects = {

/* Begin PBXBuildFile section */
		055DB7571CAEB804007659D9 /* main.m in Sources */ = {isa = PBXBuildFile; fileRef = 055DB7561CAEB804007659D9 /* main.m */; };
		055DB75A1CAEB804007659D9 /* AppDelegate.m in Sources */ = {isa = PBXBuildFile; fileRef = 055DB7591CAEB804007659D9 /* AppDelegate.m */; };
		055DB75D1CAEB804007659D9 /* ViewController.m in Sources */ = {isa = PBXBuildFile; fileRef = 055DB75C1CAEB804007659D9 /* ViewController.m */; };
		055DB7601CAEB804007659D9 /* Main.storyboard in Resources */ = {isa = PBXBuildFile; fileRef = 055DB75E1CAEB804007659D9 /* Main.storyboard */; };
		055DB7621CAEB804007659D9 /* Assets.xcassets in Resources */ = {isa = PBXBuildFile; fileRef = 055DB7611CAEB804007659D9 /* Assets.xcassets */; };
		055DB7651CAEB804007659D9 /* LaunchScreen.storyboard in Resources */ = {isa = PBXBuildFile; fileRef = 055DB7631CAEB804007659D9 /* LaunchScreen.storyboard */; };
		055DB7721CAF56F4007659D9 /* Card.m in Sources */ = {isa = PBXBuildFile; fileRef = 055DB7711CAF56F4007659D9 /* Card.m */; };
		055DB7751CB2C4A1007659D9 /* Deck.m in Sources */ = {isa = PBXBuildFile; fileRef = 055DB7741CB2C4A1007659D9 /* Deck.m */; };
/* End PBXBuildFile section */

/* Begin PBXFileReference section */
		055DB7521CAEB804007659D9 /* Matchismo.app */ = {isa = PBXFileReference; explicitFileType = wrapper.application; includeInIndex = 0; path = Matchismo.app; sourceTree = BUILT_PRODUCTS_DIR; };
		055DB7561CAEB804007659D9 /* main.m */ = {isa = PBXFileReference; lastKnownFileType = sourcecode.c.objc; path = main.m; sourceTree = "<group>"; };
		055DB7581CAEB804007659D9 /* AppDelegate.h */ = {isa = PBXFileReference; lastKnownFileType = sourcecode.c.h; path = AppDelegate.h; sourceTree = "<group>"; };
		055DB7591CAEB804007659D9 /* AppDelegate.m */ = {isa = PBXFileReference; lastKnownFileType = sourcecode.c.objc; path = AppDelegate.m; sourceTree = "<group>"; };
		055DB75B1CAEB804007659D9 /* ViewController.h */ = {isa = PBXFileReference; lastKnownFileType = sourcecode.c.h; path = ViewController.h; sourceTree = "<group>"; };
		055DB75C1CAEB804007659D9 /* ViewController.m */ = {isa = PBXFileReference; lastKnownFileType = sourcecode.c.objc; path = ViewController.m; sourceTree = "<group>"; };
		055DB75F1CAEB804007659D9 /* Base */ = {isa = PBXFileReference; lastKnownFileType = file.storyboard; name = Base; path = Base.lproj/Main.storyboard; sourceTree = "<group>"; };
		055DB7611CAEB804007659D9 /* Assets.xcassets */ = {isa = PBXFileReference; lastKnownFileType = folder.assetcatalog; path = Assets.xcassets; sourceTree = "<group>"; };
		055DB7641CAEB804007659D9 /* Base */ = {isa = PBXFileReference; lastKnownFileType = file.storyboard; name = Base; path = Base.lproj/LaunchScreen.storyboard; sourceTree = "<group>"; };
		055DB7661CAEB804007659D9 /* Info.plist */ = {isa = PBXFileReference; lastKnownFileType = text.plist.xml; path = Info.plist; sourceTree = "<group>"; };
		055DB7701CAF56F4007659D9 /* Card.h */ = {isa = PBXFileReference; fileEncoding = 4; lastKnownFileType = sourcecode.c.h; path = Card.h; sourceTree = "<group>"; };
		055DB7711CAF56F4007659D9 /* Card.m */ = {isa = PBXFileReference; fileEncoding = 4; lastKnownFileType = sourcecode.c.objc; path = Card.m; sourceTree = "<group>"; };
		055DB7731CB2C4A1007659D9 /* Deck.h */ = {isa = PBXFileReference; fileEncoding = 4; lastKnownFileType = sourcecode.c.h; path = Deck.h; sourceTree = "<group>"; };
		055DB7741CB2C4A1007659D9 /* Deck.m */ = {isa = PBXFileReference; fileEncoding = 4; lastKnownFileType = sourcecode.c.objc; path = Deck.m; sourceTree = "<group>"; };
/* End PBXFileReference section */

/* Begin PBXFrameworksBuildPhase section */
		055DB74F1CAEB804007659D9 /* Frameworks */ = {
			isa = PBXFrameworksBuildPhase;
			buildActionMask = 2147483647;
			files = (
			);
			runOnlyForDeploymentPostprocessing = 0;
		};
/* End PBXFrameworksBuildPhase section */

/* Begin PBXGroup section */
		055DB7491CAEB804007659D9 = {
			isa = PBXGroup;
			children = (
				055DB7541CAEB804007659D9 /* Matchismo */,
				055DB7531CAEB804007659D9 /* Products */,
			);
			sourceTree = "<group>";
		};
		055DB7531CAEB804007659D9 /* Products */ = {
			isa = PBXGroup;
			children = (
				055DB7521CAEB804007659D9 /* Matchismo.app */,
			);
			name = Products;
			sourceTree = "<group>";
		};
		055DB7541CAEB804007659D9 /* Matchismo */ = {
			isa = PBXGroup;
			children = (
				055DB76C1CAF55FA007659D9 /* model */,
				055DB75B1CAEB804007659D9 /* ViewController.h */,
				055DB75C1CAEB804007659D9 /* ViewController.m */,
				055DB75E1CAEB804007659D9 /* Main.storyboard */,
				055DB7611CAEB804007659D9 /* Assets.xcassets */,
				055DB7631CAEB804007659D9 /* LaunchScreen.storyboard */,
				055DB7661CAEB804007659D9 /* Info.plist */,
				055DB7551CAEB804007659D9 /* Supporting Files */,
			);
			path = Matchismo;
			sourceTree = "<group>";
		};
		055DB7551CAEB804007659D9 /* Supporting Files */ = {
			isa = PBXGroup;
			children = (
				055DB7581CAEB804007659D9 /* AppDelegate.h */,
				055DB7591CAEB804007659D9 /* AppDelegate.m */,
				055DB7561CAEB804007659D9 /* main.m */,
			);
			name = "Supporting Files";
			sourceTree = "<group>";
		};
		055DB76C1CAF55FA007659D9 /* model */ = {
			isa = PBXGroup;
			children = (
				055DB7701CAF56F4007659D9 /* Card.h */,
				055DB7711CAF56F4007659D9 /* Card.m */,
				055DB7731CB2C4A1007659D9 /* Deck.h */,
				055DB7741CB2C4A1007659D9 /* Deck.m */,
			);
			name = model;
			sourceTree = "<group>";
		};
/* End PBXGroup section */

/* Begin PBXNativeTarget section */
		055DB7511CAEB804007659D9 /* Matchismo */ = {
			isa = PBXNativeTarget;
			buildConfigurationList = 055DB7691CAEB804007659D9 /* Build configuration list for PBXNativeTarget "Matchismo" */;
			buildPhases = (
				055DB74E1CAEB804007659D9 /* Sources */,
				055DB74F1CAEB804007659D9 /* Frameworks */,
				055DB7501CAEB804007659D9 /* Resources */,
			);
			buildRules = (
			);
			dependencies = (
			);
			name = Matchismo;
			productName = Matchismo;
			productReference = 055DB7521CAEB804007659D9 /* Matchismo.app */;
			productType = "com.apple.product-type.application";
		};
/* End PBXNativeTarget section */

/* Begin PBXProject section */
		055DB74A1CAEB804007659D9 /* Project object */ = {
			isa = PBXProject;
			attributes = {
				LastUpgradeCheck = 0730;
				ORGANIZATIONNAME = "Dean Chen";
				TargetAttributes = {
					055DB7511CAEB804007659D9 = {
						CreatedOnToolsVersion = 7.3;
						DevelopmentTeam = ME7NNTZZ5X;
					};
				};
			};
			buildConfigurationList = 055DB74D1CAEB804007659D9 /* Build configuration list for PBXProject "Matchismo" */;
			compatibilityVersion = "Xcode 3.2";
			developmentRegion = English;
			hasScannedForEncodings = 0;
			knownRegions = (
				en,
				Base,
			);
			mainGroup = 055DB7491CAEB804007659D9;
			productRefGroup = 055DB7531CAEB804007659D9 /* Products */;
			projectDirPath = "";
			projectRoot = "";
			targets = (
				055DB7511CAEB804007659D9 /* Matchismo */,
			);
		};
/* End PBXProject section */

/* Begin PBXResourcesBuildPhase section */
		055DB7501CAEB804007659D9 /* Resources */ = {
			isa = PBXResourcesBuildPhase;
			buildActionMask = 2147483647;
			files = (
				055DB7651CAEB804007659D9 /* LaunchScreen.storyboard in Resources */,
				055DB7621CAEB804007659D9 /* Assets.xcassets in Resources */,
				055DB7601CAEB804007659D9 /* Main.storyboard in Resources */,
			);
			runOnlyForDeploymentPostprocessing = 0;
		};
/* End PBXResourcesBuildPhase section */

/* Begin PBXSourcesBuildPhase section */
		055DB74E1CAEB804007659D9 /* Sources */ = {
			isa = PBXSourcesBuildPhase;
			buildActionMask = 2147483647;
			files = (
				055DB7751CB2C4A1007659D9 /* Deck.m in Sources */,
				055DB75D1CAEB804007659D9 /* ViewController.m in Sources */,
				055DB75A1CAEB804007659D9 /* AppDelegate.m in Sources */,
				055DB7571CAEB804007659D9 /* main.m in Sources */,
				055DB7721CAF56F4007659D9 /* Card.m in Sources */,
			);
			runOnlyForDeploymentPostprocessing = 0;
		};
/* End PBXSourcesBuildPhase section */

/* Begin PBXVariantGroup section */
		055DB75E1CAEB804007659D9 /* Main.storyboard */ = {
			isa = PBXVariantGroup;
			children = (
				055DB75F1CAEB804007659D9 /* Base */,
			);
			name = Main.storyboard;
			sourceTree = "<group>";
		};
		055DB7631CAEB804007659D9 /* LaunchScreen.storyboard */ = {
			isa = PBXVariantGroup;
			children = (
				055DB7641CAEB804007659D9 /* Base */,
			);
			name = LaunchScreen.storyboard;
			sourceTree = "<group>";
		};
/* End PBXVariantGroup section */

/* Begin XCBuildConfiguration section */
		055DB7671CAEB804007659D9 /* Debug */ = {
			isa = XCBuildConfiguration;
			buildSettings = {
				ALWAYS_SEARCH_USER_PATHS = NO;
				CLANG_ANALYZER_NONNULL = YES;
				CLANG_CXX_LANGUAGE_STANDARD = "gnu++0x";
				CLANG_CXX_LIBRARY = "libc++";
				CLANG_ENABLE_MODULES = YES;
				CLANG_ENABLE_OBJC_ARC = YES;
				CLANG_WARN_BOOL_CONVERSION = YES;
				CLANG_WARN_CONSTANT_CONVERSION = YES;
				CLANG_WARN_DIRECT_OBJC_ISA_USAGE = YES_ERROR;
				CLANG_WARN_EMPTY_BODY = YES;
				CLANG_WARN_ENUM_CONVERSION = YES;
				CLANG_WARN_INT_CONVERSION = YES;
				CLANG_WARN_OBJC_ROOT_CLASS = YES_ERROR;
				CLANG_WARN_UNREACHABLE_CODE = YES;
				CLANG_WARN__DUPLICATE_METHOD_MATCH = YES;
				"CODE_SIGN_IDENTITY[sdk=iphoneos*]" = "iPhone Developer";
				COPY_PHASE_STRIP = NO;
				DEBUG_INFORMATION_FORMAT = dwarf;
				ENABLE_STRICT_OBJC_MSGSEND = YES;
				ENABLE_TESTABILITY = YES;
				GCC_C_LANGUAGE_STANDARD = gnu99;
				GCC_DYNAMIC_NO_PIC = NO;
				GCC_NO_COMMON_BLOCKS = YES;
				GCC_OPTIMIZATION_LEVEL = 0;
				GCC_PREPROCESSOR_DEFINITIONS = (
					"DEBUG=1",
					"$(inherited)",
				);
				GCC_WARN_64_TO_32_BIT_CONVERSION = YES;
				GCC_WARN_ABOUT_RETURN_TYPE = YES_ERROR;
				GCC_WARN_UNDECLARED_SELECTOR = YES;
				GCC_WARN_UNINITIALIZED_AUTOS = YES_AGGRESSIVE;
				GCC_WARN_UNUSED_FUNCTION = YES;
				GCC_WARN_UNUSED_VARIABLE = YES;
				IPHONEOS_DEPLOYMENT_TARGET = 9.3;
				MTL_ENABLE_DEBUG_INFO = YES;
				ONLY_ACTIVE_ARCH = YES;
				SDKROOT = iphoneos;
			};
			name = Debug;
		};
		055DB7681CAEB804007659D9 /* Release */ = {
			isa = XCBuildConfiguration;
			buildSettings = {
				ALWAYS_SEARCH_USER_PATHS = NO;
				CLANG_ANALYZER_NONNULL = YES;
				CLANG_CXX_LANGUAGE_STANDARD = "gnu++0x";
				CLANG_CXX_LIBRARY = "libc++";
				CLANG_ENABLE_MODULES = YES;
				CLANG_ENABLE_OBJC_ARC = YES;
				CLANG_WARN_BOOL_CONVERSION = YES;
				CLANG_WARN_CONSTANT_CONVERSION = YES;
				CLANG_WARN_DIRECT_OBJC_ISA_USAGE = YES_ERROR;
				CLANG_WARN_EMPTY_BODY = YES;
				CLANG_WARN_ENUM_CONVERSION = YES;
				CLANG_WARN_INT_CONVERSION = YES;
				CLANG_WARN_OBJC_ROOT_CLASS = YES_ERROR;
				CLANG_WARN_UNREACHABLE_CODE = YES;
				CLANG_WARN__DUPLICATE_METHOD_MATCH = YES;
				"CODE_SIGN_IDENTITY[sdk=iphoneos*]" = "iPhone Developer";
				COPY_PHASE_STRIP = NO;
				DEBUG_INFORMATION_FORMAT = "dwarf-with-dsym";
				ENABLE_NS_ASSERTIONS = NO;
				ENABLE_STRICT_OBJC_MSGSEND = YES;
				GCC_C_LANGUAGE_STANDARD = gnu99;
				GCC_NO_COMMON_BLOCKS = YES;
				GCC_WARN_64_TO_32_BIT_CONVERSION = YES;
				GCC_WARN_ABOUT_RETURN_TYPE = YES_ERROR;
				GCC_WARN_UNDECLARED_SELECTOR = YES;
				GCC_WARN_UNINITIALIZED_AUTOS = YES_AGGRESSIVE;
				GCC_WARN_UNUSED_FUNCTION = YES;
				GCC_WARN_UNUSED_VARIABLE = YES;
				IPHONEOS_DEPLOYMENT_TARGET = 9.3;
				MTL_ENABLE_DEBUG_INFO = NO;
				SDKROOT = iphoneos;
				VALIDATE_PRODUCT = YES;
			};
			name = Release;
		};
		055DB76A1CAEB804007659D9 /* Debug */ = {
			isa = XCBuildConfiguration;
			buildSettings = {
				ASSETCATALOG_COMPILER_APPICON_NAME = AppIcon;
				CODE_SIGN_IDENTITY = "iPhone Developer";
				"CODE_SIGN_IDENTITY[sdk=iphoneos*]" = "iPhone Developer";
				INFOPLIST_FILE = Matchismo/Info.plist;
				IPHONEOS_DEPLOYMENT_TARGET = 9.0;
				LD_RUNPATH_SEARCH_PATHS = "$(inherited) @executable_path/Frameworks";
				PRODUCT_BUNDLE_IDENTIFIER = com.dean.Matchismo;
				PRODUCT_NAME = "$(TARGET_NAME)";
				PROVISIONING_PROFILE = "";
			};
			name = Debug;
		};
		055DB76B1CAEB804007659D9 /* Release */ = {
			isa = XCBuildConfiguration;
			buildSettings = {
				ASSETCATALOG_COMPILER_APPICON_NAME = AppIcon;
				CODE_SIGN_IDENTITY = "iPhone Developer";
				"CODE_SIGN_IDENTITY[sdk=iphoneos*]" = "iPhone Developer";
				INFOPLIST_FILE = Matchismo/Info.plist;
				IPHONEOS_DEPLOYMENT_TARGET = 9.0;
				LD_RUNPATH_SEARCH_PATHS = "$(inherited) @executable_path/Frameworks";
				PRODUCT_BUNDLE_IDENTIFIER = com.dean.Matchismo;
				PRODUCT_NAME = "$(TARGET_NAME)";
				PROVISIONING_PROFILE = "";
			};
			name = Release;
		};
/* End XCBuildConfiguration section */

/* Begin XCConfigurationList section */
		055DB74D1CAEB804007659D9 /* Build configuration list for PBXProject "Matchismo" */ = {
			isa = XCConfigurationList;
			buildConfigurations = (
				055DB7671CAEB804007659D9 /* Debug */,
				055DB7681CAEB804007659D9 /* Release */,
			);
			defaultConfigurationIsVisible = 0;
			defaultConfigurationName = Release;
		};
		055DB7691CAEB804007659D9 /* Build configuration list for PBXNativeTarget "Matchismo" */ = {
			isa = XCConfigurationList;
			buildConfigurations = (
				055DB76A1CAEB804007659D9 /* Debug */,
				055DB76B1CAEB804007659D9 /* Release */,
			);
			defaultConfigurationIsVisible = 0;
			defaultConfigurationName = Release;
		};
/* End XCConfigurationList section */
	};
	rootObject = 055DB74A1CAEB804007659D9 /* Project object */;
}
